
Microsoft Visual Studio Solution File, Format Version 12.00
# Visual Studio Version 17
VisualStudioVersion = 17.14.36401.2 d17.14
MinimumVisualStudioVersion = 10.0.40219.1
Project("{FAE04EC0-301F-11D3-BF4B-00C04F79EFBC}") = "FortuneTeller", "FortuneTeller.csproj", "{5BD35226-F0F9-459A-8051-EC408C7DA32A}"
EndProject
Global
	GlobalSection(SolutionConfigurationPlatforms) = preSolution
		Debug|Any CPU = Debug|Any CPU
		Release|Any CPU = Release|Any CPU
	EndGlobalSection
	GlobalSection(ProjectConfigurationPlatforms) = postSolution
		{5BD35226-F0F9-459A-8051-EC408C7DA32A}.Debug|Any CPU.ActiveCfg = Debug|Any CPU
		{5BD35226-F0F9-459A-8051-EC408C7DA32A}.Debug|Any CPU.Build.0 = Debug|Any CPU
		{5BD35226-F0F9-459A-8051-EC408C7DA32A}.Release|Any CPU.ActiveCfg = Release|Any CPU
		{5BD35226-F0F9-459A-8051-EC408C7DA32A}.Release|Any CPU.Build.0 = Release|Any CPU
	EndGlobalSection
	GlobalSection(SolutionProperties) = preSolution
		HideSolutionNode = FALSE
	EndGlobalSection
	GlobalSection(ExtensibilityGlobals) = postSolution
		SolutionGuid = {BC3E7DBF-3525-4108-A16F-956B2566DE3C}
	EndGlobalSection
EndGlobal
